{
  "name": "copy-url-extension",
  "version": "1.0.0",
  "lockfileVersion": 3,
  "requires": true,
  "packages": {
    "": {
      "name": "copy-url-extension",
      "version": "1.0.0",
      "license": "ISC",
      "devDependencies": {
        "chrome-types": "^0.1.371",
        "prettier": "^3.3.3"
      }
    },
    "node_modules/chrome-types": {
      "version": "0.1.371",
      "resolved": "https://registry.npmjs.org/chrome-types/-/chrome-types-0.1.371.tgz",
      "integrity": "sha512-Qmsln8T75Hy4rvtflQ9NUJZQUDGkgF+4ux9tGKPv8d9mEWhvgodSYJ1o6f0cq+ECNx17Evm5YSvIXVJwYlx8zA==",
      "dev": true
    },
    "node_modules/prettier": {
      "version": "3.6.2",
      "resolved": "https://registry.npmjs.org/prettier/-/prettier-3.6.2.tgz",
      "integrity": "sha512-I7AIg5boAr5R0FFtJ6rCfD+LFsWHp81dolrFD8S79U9tb8Az2nGrJncnMSnys+bpQJfRUzqs9hnA81OAA3hCuQ==",
      "dev": true,
      "bin": {
        "prettier": "bin/prettier.cjs"
      },
      "engines": {
        "node": ">=14"
      },
      "funding": {
        "url": "https://github.com/prettier/prettier?sponsor=1"
      }
    }
  }
}
